
Microsoft Visual Studio Solution File, Format Version 12.00
# Visual Studio Version 16
VisualStudioVersion = 16.0.31129.286
MinimumVisualStudioVersion = 10.0.40219.1
Project("{FAE04EC0-301F-11D3-BF4B-00C04F79EFBC}") = "jwtapitoken", "jwtapitoken\jwtapitoken.csproj", "{C01488A2-A468-45B6-8931-F3AE795214D1}"
EndProject
Global
	GlobalSection(SolutionConfigurationPlatforms) = preSolution
		Debug|Any CPU = Debug|Any CPU
		Release|Any CPU = Release|Any CPU
	EndGlobalSection
	GlobalSection(ProjectConfigurationPlatforms) = postSolution
		{C01488A2-A468-45B6-8931-F3AE795214D1}.Debug|Any CPU.ActiveCfg = Debug|Any CPU
		{C01488A2-A468-45B6-8931-F3AE795214D1}.Debug|Any CPU.Build.0 = Debug|Any CPU
		{C01488A2-A468-45B6-8931-F3AE795214D1}.Release|Any CPU.ActiveCfg = Release|Any CPU
		{C01488A2-A468-45B6-8931-F3AE795214D1}.Release|Any CPU.Build.0 = Release|Any CPU
	EndGlobalSection
	GlobalSection(SolutionProperties) = preSolution
		HideSolutionNode = FALSE
	EndGlobalSection
	GlobalSection(ExtensibilityGlobals) = postSolution
		SolutionGuid = {0FF9153C-E383-4647-BE62-3BD320EA7905}
	EndGlobalSection
EndGlobal
